
Microsoft Visual Studio Solution File, Format Version 12.00
Project("{FAE04EC0-301F-11D3-BF4B-00C04F79EFBC}") = "AcampJovens.Core", "AcampJovens.Core\AcampJovens.Core.csproj", "{B2CCFD10-9F8B-4DD3-8780-2224C357E09B}"
EndProject
Project("{2150E333-8FDC-42A3-9474-1A3956D46DE8}") = "AcampJovens.API", "AcampJovens.API", "{522EFE95-D570-4D53-893A-7D4DA9004FED}"
EndProject
Project("{FAE04EC0-301F-11D3-BF4B-00C04F79EFBC}") = "AcampJovens.Infrastructure", "AcampJovens.Infrastructure\AcampJovens.Infrastructure.csproj", "{6D53340E-CE28-4273-8232-59C7F6C7E9E0}"
EndProject
Project("{FAE04EC0-301F-11D3-BF4B-00C04F79EFBC}") = "AcampJovens.CrossCutting", "AcampJovens.CrossCutting\AcampJovens.CrossCutting.csproj", "{9B747A0B-307B-464E-9C2E-1418D83E7E73}"
EndProject
Project("{FAE04EC0-301F-11D3-BF4B-00C04F79EFBC}") = "AcampJovens.Application", "AcampJovens.Application\AcampJovens.Application.csproj", "{20B5D36E-2427-4116-8094-8DB20277A90A}"
EndProject
Project("{FAE04EC0-301F-11D3-BF4B-00C04F79EFBC}") = "AcampJovens.Api", "AcampJovens.Api\AcampJovens.Api.csproj", "{AA5BEFDF-5DC5-46EE-B7DD-64C8442319E4}"
EndProject
Project("{2150E333-8FDC-42A3-9474-1A3956D46DE8}") = "Solution Items", "Solution Items", "{BF81BF0C-E188-43BC-A369-33A3086F828C}"
	ProjectSection(SolutionItems) = preProject
		docker-compose.yml = docker-compose.yml
	EndProjectSection
EndProject
Global
	GlobalSection(SolutionConfigurationPlatforms) = preSolution
		Debug|Any CPU = Debug|Any CPU
		Release|Any CPU = Release|Any CPU
	EndGlobalSection
	GlobalSection(ProjectConfigurationPlatforms) = postSolution
		{B2CCFD10-9F8B-4DD3-8780-2224C357E09B}.Debug|Any CPU.ActiveCfg = Debug|Any CPU
		{B2CCFD10-9F8B-4DD3-8780-2224C357E09B}.Debug|Any CPU.Build.0 = Debug|Any CPU
		{B2CCFD10-9F8B-4DD3-8780-2224C357E09B}.Release|Any CPU.ActiveCfg = Release|Any CPU
		{B2CCFD10-9F8B-4DD3-8780-2224C357E09B}.Release|Any CPU.Build.0 = Release|Any CPU
		{6D53340E-CE28-4273-8232-59C7F6C7E9E0}.Debug|Any CPU.ActiveCfg = Debug|Any CPU
		{6D53340E-CE28-4273-8232-59C7F6C7E9E0}.Debug|Any CPU.Build.0 = Debug|Any CPU
		{6D53340E-CE28-4273-8232-59C7F6C7E9E0}.Release|Any CPU.ActiveCfg = Release|Any CPU
		{6D53340E-CE28-4273-8232-59C7F6C7E9E0}.Release|Any CPU.Build.0 = Release|Any CPU
		{9B747A0B-307B-464E-9C2E-1418D83E7E73}.Debug|Any CPU.ActiveCfg = Debug|Any CPU
		{9B747A0B-307B-464E-9C2E-1418D83E7E73}.Debug|Any CPU.Build.0 = Debug|Any CPU
		{9B747A0B-307B-464E-9C2E-1418D83E7E73}.Release|Any CPU.ActiveCfg = Release|Any CPU
		{9B747A0B-307B-464E-9C2E-1418D83E7E73}.Release|Any CPU.Build.0 = Release|Any CPU
		{20B5D36E-2427-4116-8094-8DB20277A90A}.Debug|Any CPU.ActiveCfg = Debug|Any CPU
		{20B5D36E-2427-4116-8094-8DB20277A90A}.Debug|Any CPU.Build.0 = Debug|Any CPU
		{20B5D36E-2427-4116-8094-8DB20277A90A}.Release|Any CPU.ActiveCfg = Release|Any CPU
		{20B5D36E-2427-4116-8094-8DB20277A90A}.Release|Any CPU.Build.0 = Release|Any CPU
		{AA5BEFDF-5DC5-46EE-B7DD-64C8442319E4}.Debug|Any CPU.ActiveCfg = Debug|Any CPU
		{AA5BEFDF-5DC5-46EE-B7DD-64C8442319E4}.Debug|Any CPU.Build.0 = Debug|Any CPU
		{AA5BEFDF-5DC5-46EE-B7DD-64C8442319E4}.Release|Any CPU.ActiveCfg = Release|Any CPU
		{AA5BEFDF-5DC5-46EE-B7DD-64C8442319E4}.Release|Any CPU.Build.0 = Release|Any CPU
	EndGlobalSection
	GlobalSection(NestedProjects) = preSolution
		{B2CCFD10-9F8B-4DD3-8780-2224C357E09B} = {522EFE95-D570-4D53-893A-7D4DA9004FED}
		{6D53340E-CE28-4273-8232-59C7F6C7E9E0} = {522EFE95-D570-4D53-893A-7D4DA9004FED}
		{9B747A0B-307B-464E-9C2E-1418D83E7E73} = {522EFE95-D570-4D53-893A-7D4DA9004FED}
		{20B5D36E-2427-4116-8094-8DB20277A90A} = {522EFE95-D570-4D53-893A-7D4DA9004FED}
		{AA5BEFDF-5DC5-46EE-B7DD-64C8442319E4} = {522EFE95-D570-4D53-893A-7D4DA9004FED}
	EndGlobalSection
EndGlobal
